// !$*UTF8*$!
{
	archiveVersion = 1;
	classes = {
	};
	objectVersion = 46;
	objects = {

/* Begin PBXBuildFile section */
		1030296E167C28D80056B9AC /* SystemConfiguration.framework in Frameworks */ = {isa = PBXBuildFile; fileRef = 1030296D167C28D80056B9AC /* SystemConfiguration.framework */; };
		10302970167C28DE0056B9AC /* MobileCoreServices.framework in Frameworks */ = {isa = PBXBuildFile; fileRef = 1030296F167C28DE0056B9AC /* MobileCoreServices.framework */; };
		10302973167E84CC0056B9AC /* Patch.m in Sources */ = {isa = PBXBuildFile; fileRef = 10302972167E84CC0056B9AC /* Patch.m */; };
		10390736168003B400F9FE7C /* GitUser.m in Sources */ = {isa = PBXBuildFile; fileRef = 10390735168003B400F9FE7C /* GitUser.m */; };
		1039073E1680187E00F9FE7C /* GitHubClient.m in Sources */ = {isa = PBXBuildFile; fileRef = 1039073C1680187E00F9FE7C /* GitHubClient.m */; };
		1039074116801C1E00F9FE7C /* Line.m in Sources */ = {isa = PBXBuildFile; fileRef = 1039074016801C1E00F9FE7C /* Line.m */; };
		1039074416801D8800F9FE7C /* RangeLine.m in Sources */ = {isa = PBXBuildFile; fileRef = 1039074316801D8800F9FE7C /* RangeLine.m */; };
		1039074716801D9300F9FE7C /* AdditionLine.m in Sources */ = {isa = PBXBuildFile; fileRef = 1039074616801D9300F9FE7C /* AdditionLine.m */; };
		1039074A16801D9D00F9FE7C /* DeletionLine.m in Sources */ = {isa = PBXBuildFile; fileRef = 1039074916801D9D00F9FE7C /* DeletionLine.m */; };
		1039074D16801DA700F9FE7C /* ContextLine.m in Sources */ = {isa = PBXBuildFile; fileRef = 1039074C16801DA600F9FE7C /* ContextLine.m */; };
		1039075016801E2000F9FE7C /* LineFactory.m in Sources */ = {isa = PBXBuildFile; fileRef = 1039074F16801E2000F9FE7C /* LineFactory.m */; };
		103907531680474A00F9FE7C /* CommentLine.m in Sources */ = {isa = PBXBuildFile; fileRef = 103907521680474900F9FE7C /* CommentLine.m */; };
		1063DF351676994D00FA22EB /* Commit.m in Sources */ = {isa = PBXBuildFile; fileRef = 1063DF341676994D00FA22EB /* Commit.m */; };
		1063DF451676DEA900FA22EB /* NSDate+Formatting.m in Sources */ = {isa = PBXBuildFile; fileRef = 1063DF3F1676BA6100FA22EB /* NSDate+Formatting.m */; };
		1063DF481676E23500FA22EB /* CommitViewController.m in Sources */ = {isa = PBXBuildFile; fileRef = 1063DF471676E23500FA22EB /* CommitViewController.m */; };
		1063DF4B1676EB6400FA22EB /* Search.m in Sources */ = {isa = PBXBuildFile; fileRef = 1063DF4A1676EB6300FA22EB /* Search.m */; };
		10ADE25A1678313100B887B5 /* File.m in Sources */ = {isa = PBXBuildFile; fileRef = 10ADE2591678313100B887B5 /* File.m */; };
		10BCC3F41675411900CCB5A9 /* UIKit.framework in Frameworks */ = {isa = PBXBuildFile; fileRef = 10BCC3F31675411900CCB5A9 /* UIKit.framework */; };
		10BCC3F61675411900CCB5A9 /* Foundation.framework in Frameworks */ = {isa = PBXBuildFile; fileRef = 10BCC3F51675411900CCB5A9 /* Foundation.framework */; };
		10BCC3F81675411900CCB5A9 /* CoreGraphics.framework in Frameworks */ = {isa = PBXBuildFile; fileRef = 10BCC3F71675411900CCB5A9 /* CoreGraphics.framework */; };
		10BCC3FE1675411900CCB5A9 /* InfoPlist.strings in Resources */ = {isa = PBXBuildFile; fileRef = 10BCC3FC1675411900CCB5A9 /* InfoPlist.strings */; };
		10BCC4001675411900CCB5A9 /* main.m in Sources */ = {isa = PBXBuildFile; fileRef = 10BCC3FF1675411900CCB5A9 /* main.m */; };
		10BCC4041675411900CCB5A9 /* AppDelegate.m in Sources */ = {isa = PBXBuildFile; fileRef = 10BCC4031675411900CCB5A9 /* AppDelegate.m */; };
		10BCC4061675411900CCB5A9 /* Default.png in Resources */ = {isa = PBXBuildFile; fileRef = 10BCC4051675411900CCB5A9 /* Default.png */; };
		10BCC4081675411900CCB5A9 /* Default@2x.png in Resources */ = {isa = PBXBuildFile; fileRef = 10BCC4071675411900CCB5A9 /* Default@2x.png */; };
		10BCC40A1675411900CCB5A9 /* Default-568h@2x.png in Resources */ = {isa = PBXBuildFile; fileRef = 10BCC4091675411900CCB5A9 /* Default-568h@2x.png */; };
		10BCC40D1675411900CCB5A9 /* MainStoryboard.storyboard in Resources */ = {isa = PBXBuildFile; fileRef = 10BCC40B1675411900CCB5A9 /* MainStoryboard.storyboard */; };
		10BCC420167541CE00CCB5A9 /* UserTableViewController.m in Sources */ = {isa = PBXBuildFile; fileRef = 10BCC41F167541CE00CCB5A9 /* UserTableViewController.m */; };
		10BCC4241675451000CCB5A9 /* User.m in Sources */ = {isa = PBXBuildFile; fileRef = 10BCC4231675451000CCB5A9 /* User.m */; };
		10BCC49A1675842A00CCB5A9 /* AFHTTPClient.m in Sources */ = {isa = PBXBuildFile; fileRef = 10BCC4881675842A00CCB5A9 /* AFHTTPClient.m */; };
		10BCC49B1675842A00CCB5A9 /* AFHTTPRequestOperation.m in Sources */ = {isa = PBXBuildFile; fileRef = 10BCC48A1675842A00CCB5A9 /* AFHTTPRequestOperation.m */; };
		10BCC49C1675842A00CCB5A9 /* AFImageRequestOperation.m in Sources */ = {isa = PBXBuildFile; fileRef = 10BCC48C1675842A00CCB5A9 /* AFImageRequestOperation.m */; };
		10BCC49D1675842A00CCB5A9 /* AFJSONRequestOperation.m in Sources */ = {isa = PBXBuildFile; fileRef = 10BCC48E1675842A00CCB5A9 /* AFJSONRequestOperation.m */; };
		10BCC49E1675842A00CCB5A9 /* AFNetworkActivityIndicatorManager.m in Sources */ = {isa = PBXBuildFile; fileRef = 10BCC4901675842A00CCB5A9 /* AFNetworkActivityIndicatorManager.m */; };
		10BCC49F1675842A00CCB5A9 /* AFPropertyListRequestOperation.m in Sources */ = {isa = PBXBuildFile; fileRef = 10BCC4931675842A00CCB5A9 /* AFPropertyListRequestOperation.m */; };
		10BCC4A01675842A00CCB5A9 /* AFURLConnectionOperation.m in Sources */ = {isa = PBXBuildFile; fileRef = 10BCC4951675842A00CCB5A9 /* AFURLConnectionOperation.m */; };
		10BCC4A11675842A00CCB5A9 /* AFXMLRequestOperation.m in Sources */ = {isa = PBXBuildFile; fileRef = 10BCC4971675842A00CCB5A9 /* AFXMLRequestOperation.m */; };
		10BCC4A21675842A00CCB5A9 /* UIImageView+AFNetworking.m in Sources */ = {isa = PBXBuildFile; fileRef = 10BCC4991675842A00CCB5A9 /* UIImageView+AFNetworking.m */; };
		10CB25B61675B51D00A33C32 /* RepositoryTableViewController.m in Sources */ = {isa = PBXBuildFile; fileRef = 10CB25B51675B51D00A33C32 /* RepositoryTableViewController.m */; };
		10CB25B91675B55C00A33C32 /* Repository.m in Sources */ = {isa = PBXBuildFile; fileRef = 10CB25B81675B55C00A33C32 /* Repository.m */; };
		10CB25BC16762FF500A33C32 /* BranchTableViewController.m in Sources */ = {isa = PBXBuildFile; fileRef = 10CB25BB16762FF500A33C32 /* BranchTableViewController.m */; };
		10CB25BF1676309400A33C32 /* Branch.m in Sources */ = {isa = PBXBuildFile; fileRef = 10CB25BE1676309400A33C32 /* Branch.m */; };
		10CB25C216763EDA00A33C32 /* CommitTableViewController.m in Sources */ = {isa = PBXBuildFile; fileRef = 10CB25C116763EDA00A33C32 /* CommitTableViewController.m */; };
/* End PBXBuildFile section */

/* Begin PBXFileReference section */
		1030296D167C28D80056B9AC /* SystemConfiguration.framework */ = {isa = PBXFileReference; lastKnownFileType = wrapper.framework; name = SystemConfiguration.framework; path = System/Library/Frameworks/SystemConfiguration.framework; sourceTree = SDKROOT; };
		1030296F167C28DE0056B9AC /* MobileCoreServices.framework */ = {isa = PBXFileReference; lastKnownFileType = wrapper.framework; name = MobileCoreServices.framework; path = System/Library/Frameworks/MobileCoreServices.framework; sourceTree = SDKROOT; };
		10302971167E84CB0056B9AC /* Patch.h */ = {isa = PBXFileReference; fileEncoding = 4; lastKnownFileType = sourcecode.c.h; path = Patch.h; sourceTree = "<group>"; };
		10302972167E84CC0056B9AC /* Patch.m */ = {isa = PBXFileReference; fileEncoding = 4; lastKnownFileType = sourcecode.c.objc; path = Patch.m; sourceTree = "<group>"; };
		10390734168003B400F9FE7C /* GitUser.h */ = {isa = PBXFileReference; fileEncoding = 4; lastKnownFileType = sourcecode.c.h; path = GitUser.h; sourceTree = "<group>"; };
		10390735168003B400F9FE7C /* GitUser.m */ = {isa = PBXFileReference; fileEncoding = 4; lastKnownFileType = sourcecode.c.objc; path = GitUser.m; sourceTree = "<group>"; };
		10390737168017A800F9FE7C /* GitHubClient.h */ = {isa = PBXFileReference; fileEncoding = 4; lastKnownFileType = sourcecode.c.h; path = GitHubClient.h; sourceTree = "<group>"; };
		1039073C1680187E00F9FE7C /* GitHubClient.m */ = {isa = PBXFileReference; fileEncoding = 4; lastKnownFileType = sourcecode.c.objc; path = GitHubClient.m; sourceTree = "<group>"; };
		1039073F16801C1E00F9FE7C /* Line.h */ = {isa = PBXFileReference; fileEncoding = 4; lastKnownFileType = sourcecode.c.h; path = Line.h; sourceTree = "<group>"; };
		1039074016801C1E00F9FE7C /* Line.m */ = {isa = PBXFileReference; fileEncoding = 4; lastKnownFileType = sourcecode.c.objc; path = Line.m; sourceTree = "<group>"; };
		1039074216801D8800F9FE7C /* RangeLine.h */ = {isa = PBXFileReference; fileEncoding = 4; lastKnownFileType = sourcecode.c.h; path = RangeLine.h; sourceTree = "<group>"; };
		1039074316801D8800F9FE7C /* RangeLine.m */ = {isa = PBXFileReference; fileEncoding = 4; lastKnownFileType = sourcecode.c.objc; path = RangeLine.m; sourceTree = "<group>"; };
		1039074516801D9200F9FE7C /* AdditionLine.h */ = {isa = PBXFileReference; fileEncoding = 4; lastKnownFileType = sourcecode.c.h; path = AdditionLine.h; sourceTree = "<group>"; };
		1039074616801D9300F9FE7C /* AdditionLine.m */ = {isa = PBXFileReference; fileEncoding = 4; lastKnownFileType = sourcecode.c.objc; path = AdditionLine.m; sourceTree = "<group>"; };
		1039074816801D9C00F9FE7C /* DeletionLine.h */ = {isa = PBXFileReference; fileEncoding = 4; lastKnownFileType = sourcecode.c.h; path = DeletionLine.h; sourceTree = "<group>"; };
		1039074916801D9D00F9FE7C /* DeletionLine.m */ = {isa = PBXFileReference; fileEncoding = 4; lastKnownFileType = sourcecode.c.objc; path = DeletionLine.m; sourceTree = "<group>"; };
		1039074B16801DA600F9FE7C /* ContextLine.h */ = {isa = PBXFileReference; fileEncoding = 4; lastKnownFileType = sourcecode.c.h; path = ContextLine.h; sourceTree = "<group>"; };
		1039074C16801DA600F9FE7C /* ContextLine.m */ = {isa = PBXFileReference; fileEncoding = 4; lastKnownFileType = sourcecode.c.objc; path = ContextLine.m; sourceTree = "<group>"; };
		1039074E16801E1F00F9FE7C /* LineFactory.h */ = {isa = PBXFileReference; fileEncoding = 4; lastKnownFileType = sourcecode.c.h; path = LineFactory.h; sourceTree = "<group>"; };
		1039074F16801E2000F9FE7C /* LineFactory.m */ = {isa = PBXFileReference; fileEncoding = 4; lastKnownFileType = sourcecode.c.objc; path = LineFactory.m; sourceTree = "<group>"; };
		103907511680474800F9FE7C /* CommentLine.h */ = {isa = PBXFileReference; fileEncoding = 4; lastKnownFileType = sourcecode.c.h; path = CommentLine.h; sourceTree = "<group>"; };
		103907521680474900F9FE7C /* CommentLine.m */ = {isa = PBXFileReference; fileEncoding = 4; lastKnownFileType = sourcecode.c.objc; path = CommentLine.m; sourceTree = "<group>"; };
		1063DF331676994D00FA22EB /* Commit.h */ = {isa = PBXFileReference; fileEncoding = 4; lastKnownFileType = sourcecode.c.h; path = Commit.h; sourceTree = "<group>"; };
		1063DF341676994D00FA22EB /* Commit.m */ = {isa = PBXFileReference; fileEncoding = 4; lastKnownFileType = sourcecode.c.objc; path = Commit.m; sourceTree = "<group>"; };
		1063DF3E1676BA6100FA22EB /* NSDate+Formatting.h */ = {isa = PBXFileReference; lastKnownFileType = sourcecode.c.h; path = "NSDate+Formatting.h"; sourceTree = "<group>"; };
		1063DF3F1676BA6100FA22EB /* NSDate+Formatting.m */ = {isa = PBXFileReference; lastKnownFileType = sourcecode.c.objc; path = "NSDate+Formatting.m"; sourceTree = "<group>"; };
		1063DF461676E23500FA22EB /* CommitViewController.h */ = {isa = PBXFileReference; fileEncoding = 4; lastKnownFileType = sourcecode.c.h; path = CommitViewController.h; sourceTree = "<group>"; };
		1063DF471676E23500FA22EB /* CommitViewController.m */ = {isa = PBXFileReference; fileEncoding = 4; lastKnownFileType = sourcecode.c.objc; path = CommitViewController.m; sourceTree = "<group>"; };
		1063DF491676EB6300FA22EB /* Search.h */ = {isa = PBXFileReference; fileEncoding = 4; lastKnownFileType = sourcecode.c.h; path = Search.h; sourceTree = "<group>"; };
		1063DF4A1676EB6300FA22EB /* Search.m */ = {isa = PBXFileReference; fileEncoding = 4; lastKnownFileType = sourcecode.c.objc; path = Search.m; sourceTree = "<group>"; };
		10ADE2581678313100B887B5 /* File.h */ = {isa = PBXFileReference; fileEncoding = 4; lastKnownFileType = sourcecode.c.h; path = File.h; sourceTree = "<group>"; };
		10ADE2591678313100B887B5 /* File.m */ = {isa = PBXFileReference; fileEncoding = 4; lastKnownFileType = sourcecode.c.objc; path = File.m; sourceTree = "<group>"; };
		10BCC3EF1675411900CCB5A9 /* HubView.app */ = {isa = PBXFileReference; explicitFileType = wrapper.application; includeInIndex = 0; path = HubView.app; sourceTree = BUILT_PRODUCTS_DIR; };
		10BCC3F31675411900CCB5A9 /* UIKit.framework */ = {isa = PBXFileReference; lastKnownFileType = wrapper.framework; name = UIKit.framework; path = System/Library/Frameworks/UIKit.framework; sourceTree = SDKROOT; };
		10BCC3F51675411900CCB5A9 /* Foundation.framework */ = {isa = PBXFileReference; lastKnownFileType = wrapper.framework; name = Foundation.framework; path = System/Library/Frameworks/Foundation.framework; sourceTree = SDKROOT; };
		10BCC3F71675411900CCB5A9 /* CoreGraphics.framework */ = {isa = PBXFileReference; lastKnownFileType = wrapper.framework; name = CoreGraphics.framework; path = System/Library/Frameworks/CoreGraphics.framework; sourceTree = SDKROOT; };
		10BCC3FB1675411900CCB5A9 /* HubView-Info.plist */ = {isa = PBXFileReference; lastKnownFileType = text.plist.xml; path = "HubView-Info.plist"; sourceTree = "<group>"; };
		10BCC3FD1675411900CCB5A9 /* en */ = {isa = PBXFileReference; lastKnownFileType = text.plist.strings; name = en; path = en.lproj/InfoPlist.strings; sourceTree = "<group>"; };
		10BCC3FF1675411900CCB5A9 /* main.m */ = {isa = PBXFileReference; lastKnownFileType = sourcecode.c.objc; path = main.m; sourceTree = "<group>"; };
		10BCC4011675411900CCB5A9 /* HubView-Prefix.pch */ = {isa = PBXFileReference; lastKnownFileType = sourcecode.c.h; path = "HubView-Prefix.pch"; sourceTree = "<group>"; };
		10BCC4021675411900CCB5A9 /* AppDelegate.h */ = {isa = PBXFileReference; lastKnownFileType = sourcecode.c.h; path = AppDelegate.h; sourceTree = "<group>"; };
		10BCC4031675411900CCB5A9 /* AppDelegate.m */ = {isa = PBXFileReference; lastKnownFileType = sourcecode.c.objc; path = AppDelegate.m; sourceTree = "<group>"; };
		10BCC4051675411900CCB5A9 /* Default.png */ = {isa = PBXFileReference; lastKnownFileType = image.png; path = Default.png; sourceTree = "<group>"; };
		10BCC4071675411900CCB5A9 /* Default@2x.png */ = {isa = PBXFileReference; lastKnownFileType = image.png; path = "Default@2x.png"; sourceTree = "<group>"; };
		10BCC4091675411900CCB5A9 /* Default-568h@2x.png */ = {isa = PBXFileReference; lastKnownFileType = image.png; path = "Default-568h@2x.png"; sourceTree = "<group>"; };
		10BCC40C1675411900CCB5A9 /* en */ = {isa = PBXFileReference; lastKnownFileType = file.storyboard; name = en; path = en.lproj/MainStoryboard.storyboard; sourceTree = "<group>"; };
		10BCC41E167541CE00CCB5A9 /* UserTableViewController.h */ = {isa = PBXFileReference; fileEncoding = 4; lastKnownFileType = sourcecode.c.h; path = UserTableViewController.h; sourceTree = "<group>"; };
		10BCC41F167541CE00CCB5A9 /* UserTableViewController.m */ = {isa = PBXFileReference; fileEncoding = 4; lastKnownFileType = sourcecode.c.objc; path = UserTableViewController.m; sourceTree = "<group>"; };
		10BCC4221675451000CCB5A9 /* User.h */ = {isa = PBXFileReference; fileEncoding = 4; lastKnownFileType = sourcecode.c.h; path = User.h; sourceTree = "<group>"; };
		10BCC4231675451000CCB5A9 /* User.m */ = {isa = PBXFileReference; fileEncoding = 4; lastKnownFileType = sourcecode.c.objc; path = User.m; sourceTree = "<group>"; };
		10BCC4871675842A00CCB5A9 /* AFHTTPClient.h */ = {isa = PBXFileReference; fileEncoding = 4; lastKnownFileType = sourcecode.c.h; path = AFHTTPClient.h; sourceTree = "<group>"; };
		10BCC4881675842A00CCB5A9 /* AFHTTPClient.m */ = {isa = PBXFileReference; fileEncoding = 4; lastKnownFileType = sourcecode.c.objc; path = AFHTTPClient.m; sourceTree = "<group>"; };
		10BCC4891675842A00CCB5A9 /* AFHTTPRequestOperation.h */ = {isa = PBXFileReference; fileEncoding = 4; lastKnownFileType = sourcecode.c.h; path = AFHTTPRequestOperation.h; sourceTree = "<group>"; };
		10BCC48A1675842A00CCB5A9 /* AFHTTPRequestOperation.m */ = {isa = PBXFileReference; fileEncoding = 4; lastKnownFileType = sourcecode.c.objc; path = AFHTTPRequestOperation.m; sourceTree = "<group>"; };
		10BCC48B1675842A00CCB5A9 /* AFImageRequestOperation.h */ = {isa = PBXFileReference; fileEncoding = 4; lastKnownFileType = sourcecode.c.h; path = AFImageRequestOperation.h; sourceTree = "<group>"; };
		10BCC48C1675842A00CCB5A9 /* AFImageRequestOperation.m */ = {isa = PBXFileReference; fileEncoding = 4; lastKnownFileType = sourcecode.c.objc; path = AFImageRequestOperation.m; sourceTree = "<group>"; };
		10BCC48D1675842A00CCB5A9 /* AFJSONRequestOperation.h */ = {isa = PBXFileReference; fileEncoding = 4; lastKnownFileType = sourcecode.c.h; path = AFJSONRequestOperation.h; sourceTree = "<group>"; };
		10BCC48E1675842A00CCB5A9 /* AFJSONRequestOperation.m */ = {isa = PBXFileReference; fileEncoding = 4; lastKnownFileType = sourcecode.c.objc; path = AFJSONRequestOperation.m; sourceTree = "<group>"; };
		10BCC48F1675842A00CCB5A9 /* AFNetworkActivityIndicatorManager.h */ = {isa = PBXFileReference; fileEncoding = 4; lastKnownFileType = sourcecode.c.h; path = AFNetworkActivityIndicatorManager.h; sourceTree = "<group>"; };
		10BCC4901675842A00CCB5A9 /* AFNetworkActivityIndicatorManager.m */ = {isa = PBXFileReference; fileEncoding = 4; lastKnownFileType = sourcecode.c.objc; path = AFNetworkActivityIndicatorManager.m; sourceTree = "<group>"; };
		10BCC4911675842A00CCB5A9 /* AFNetworking.h */ = {isa = PBXFileReference; fileEncoding = 4; lastKnownFileType = sourcecode.c.h; path = AFNetworking.h; sourceTree = "<group>"; };
		10BCC4921675842A00CCB5A9 /* AFPropertyListRequestOperation.h */ = {isa = PBXFileReference; fileEncoding = 4; lastKnownFileType = sourcecode.c.h; path = AFPropertyListRequestOperation.h; sourceTree = "<group>"; };
		10BCC4931675842A00CCB5A9 /* AFPropertyListRequestOperation.m */ = {isa = PBXFileReference; fileEncoding = 4; lastKnownFileType = sourcecode.c.objc; path = AFPropertyListRequestOperation.m; sourceTree = "<group>"; };
		10BCC4941675842A00CCB5A9 /* AFURLConnectionOperation.h */ = {isa = PBXFileReference; fileEncoding = 4; lastKnownFileType = sourcecode.c.h; path = AFURLConnectionOperation.h; sourceTree = "<group>"; };
		10BCC4951675842A00CCB5A9 /* AFURLConnectionOperation.m */ = {isa = PBXFileReference; fileEncoding = 4; lastKnownFileType = sourcecode.c.objc; path = AFURLConnectionOperation.m; sourceTree = "<group>"; };
		10BCC4961675842A00CCB5A9 /* AFXMLRequestOperation.h */ = {isa = PBXFileReference; fileEncoding = 4; lastKnownFileType = sourcecode.c.h; path = AFXMLRequestOperation.h; sourceTree = "<group>"; };
		10BCC4971675842A00CCB5A9 /* AFXMLRequestOperation.m */ = {isa = PBXFileReference; fileEncoding = 4; lastKnownFileType = sourcecode.c.objc; path = AFXMLRequestOperation.m; sourceTree = "<group>"; };
		10BCC4981675842A00CCB5A9 /* UIImageView+AFNetworking.h */ = {isa = PBXFileReference; fileEncoding = 4; lastKnownFileType = sourcecode.c.h; path = "UIImageView+AFNetworking.h"; sourceTree = "<group>"; };
		10BCC4991675842A00CCB5A9 /* UIImageView+AFNetworking.m */ = {isa = PBXFileReference; fileEncoding = 4; lastKnownFileType = sourcecode.c.objc; path = "UIImageView+AFNetworking.m"; sourceTree = "<group>"; };
		10CB25B41675B51D00A33C32 /* RepositoryTableViewController.h */ = {isa = PBXFileReference; fileEncoding = 4; lastKnownFileType = sourcecode.c.h; path = RepositoryTableViewController.h; sourceTree = "<group>"; };
		10CB25B51675B51D00A33C32 /* RepositoryTableViewController.m */ = {isa = PBXFileReference; fileEncoding = 4; lastKnownFileType = sourcecode.c.objc; path = RepositoryTableViewController.m; sourceTree = "<group>"; };
		10CB25B71675B55C00A33C32 /* Repository.h */ = {isa = PBXFileReference; fileEncoding = 4; lastKnownFileType = sourcecode.c.h; path = Repository.h; sourceTree = "<group>"; };
		10CB25B81675B55C00A33C32 /* Repository.m */ = {isa = PBXFileReference; fileEncoding = 4; lastKnownFileType = sourcecode.c.objc; path = Repository.m; sourceTree = "<group>"; };
		10CB25BA16762FF500A33C32 /* BranchTableViewController.h */ = {isa = PBXFileReference; fileEncoding = 4; lastKnownFileType = sourcecode.c.h; path = BranchTableViewController.h; sourceTree = "<group>"; };
		10CB25BB16762FF500A33C32 /* BranchTableViewController.m */ = {isa = PBXFileReference; fileEncoding = 4; lastKnownFileType = sourcecode.c.objc; path = BranchTableViewController.m; sourceTree = "<group>"; };
		10CB25BD1676309400A33C32 /* Branch.h */ = {isa = PBXFileReference; fileEncoding = 4; lastKnownFileType = sourcecode.c.h; path = Branch.h; sourceTree = "<group>"; };
		10CB25BE1676309400A33C32 /* Branch.m */ = {isa = PBXFileReference; fileEncoding = 4; lastKnownFileType = sourcecode.c.objc; path = Branch.m; sourceTree = "<group>"; };
		10CB25C016763EDA00A33C32 /* CommitTableViewController.h */ = {isa = PBXFileReference; fileEncoding = 4; lastKnownFileType = sourcecode.c.h; path = CommitTableViewController.h; sourceTree = "<group>"; };
		10CB25C116763EDA00A33C32 /* CommitTableViewController.m */ = {isa = PBXFileReference; fileEncoding = 4; lastKnownFileType = sourcecode.c.objc; path = CommitTableViewController.m; sourceTree = "<group>"; };
/* End PBXFileReference section */

/* Begin PBXFrameworksBuildPhase section */
		10BCC3EC1675411900CCB5A9 /* Frameworks */ = {
			isa = PBXFrameworksBuildPhase;
			buildActionMask = 2147483647;
			files = (
				10302970167C28DE0056B9AC /* MobileCoreServices.framework in Frameworks */,
				1030296E167C28D80056B9AC /* SystemConfiguration.framework in Frameworks */,
				10BCC3F61675411900CCB5A9 /* Foundation.framework in Frameworks */,
				10BCC3F41675411900CCB5A9 /* UIKit.framework in Frameworks */,
				10BCC3F81675411900CCB5A9 /* CoreGraphics.framework in Frameworks */,
			);
			runOnlyForDeploymentPostprocessing = 0;
		};
/* End PBXFrameworksBuildPhase section */

/* Begin PBXGroup section */
		10BCC3E41675411900CCB5A9 = {
			isa = PBXGroup;
			children = (
				1030296F167C28DE0056B9AC /* MobileCoreServices.framework */,
				1030296D167C28D80056B9AC /* SystemConfiguration.framework */,
				10BCC4861675842A00CCB5A9 /* AFNetworking */,
				10BCC3F91675411900CCB5A9 /* HubView */,
				10BCC3F21675411900CCB5A9 /* Frameworks */,
				10BCC3F01675411900CCB5A9 /* Products */,
			);
			sourceTree = "<group>";
		};
		10BCC3F01675411900CCB5A9 /* Products */ = {
			isa = PBXGroup;
			children = (
				10BCC3EF1675411900CCB5A9 /* HubView.app */,
			);
			name = Products;
			sourceTree = "<group>";
		};
		10BCC3F21675411900CCB5A9 /* Frameworks */ = {
			isa = PBXGroup;
			children = (
				10BCC3F31675411900CCB5A9 /* UIKit.framework */,
				10BCC3F51675411900CCB5A9 /* Foundation.framework */,
				10BCC3F71675411900CCB5A9 /* CoreGraphics.framework */,
			);
			name = Frameworks;
			sourceTree = "<group>";
		};
		10BCC3F91675411900CCB5A9 /* HubView */ = {
			isa = PBXGroup;
			children = (
				1039074516801D9200F9FE7C /* AdditionLine.h */,
				1039074616801D9300F9FE7C /* AdditionLine.m */,
				10BCC4021675411900CCB5A9 /* AppDelegate.h */,
				10BCC4031675411900CCB5A9 /* AppDelegate.m */,
				10CB25BD1676309400A33C32 /* Branch.h */,
				10CB25BE1676309400A33C32 /* Branch.m */,
				10CB25BA16762FF500A33C32 /* BranchTableViewController.h */,
				10CB25BB16762FF500A33C32 /* BranchTableViewController.m */,
				103907511680474800F9FE7C /* CommentLine.h */,
				103907521680474900F9FE7C /* CommentLine.m */,
				1063DF331676994D00FA22EB /* Commit.h */,
				1063DF341676994D00FA22EB /* Commit.m */,
				10CB25C016763EDA00A33C32 /* CommitTableViewController.h */,
				10CB25C116763EDA00A33C32 /* CommitTableViewController.m */,
				1063DF461676E23500FA22EB /* CommitViewController.h */,
				1063DF471676E23500FA22EB /* CommitViewController.m */,
				1039074B16801DA600F9FE7C /* ContextLine.h */,
				1039074C16801DA600F9FE7C /* ContextLine.m */,
				1039074816801D9C00F9FE7C /* DeletionLine.h */,
				1039074916801D9D00F9FE7C /* DeletionLine.m */,
				10ADE2581678313100B887B5 /* File.h */,
				10ADE2591678313100B887B5 /* File.m */,
				10390737168017A800F9FE7C /* GitHubClient.h */,
				1039073C1680187E00F9FE7C /* GitHubClient.m */,
				10390734168003B400F9FE7C /* GitUser.h */,
				10390735168003B400F9FE7C /* GitUser.m */,
				1039073F16801C1E00F9FE7C /* Line.h */,
				1039074016801C1E00F9FE7C /* Line.m */,
				1039074E16801E1F00F9FE7C /* LineFactory.h */,
				1039074F16801E2000F9FE7C /* LineFactory.m */,
				10BCC40B1675411900CCB5A9 /* MainStoryboard.storyboard */,
				1063DF3E1676BA6100FA22EB /* NSDate+Formatting.h */,
				1063DF3F1676BA6100FA22EB /* NSDate+Formatting.m */,
				10302971167E84CB0056B9AC /* Patch.h */,
				10302972167E84CC0056B9AC /* Patch.m */,
				1039074216801D8800F9FE7C /* RangeLine.h */,
				1039074316801D8800F9FE7C /* RangeLine.m */,
				10CB25B71675B55C00A33C32 /* Repository.h */,
				10CB25B81675B55C00A33C32 /* Repository.m */,
				10CB25B41675B51D00A33C32 /* RepositoryTableViewController.h */,
				10CB25B51675B51D00A33C32 /* RepositoryTableViewController.m */,
				1063DF491676EB6300FA22EB /* Search.h */,
				1063DF4A1676EB6300FA22EB /* Search.m */,
				10BCC3FA1675411900CCB5A9 /* Supporting Files */,
				10BCC4221675451000CCB5A9 /* User.h */,
				10BCC4231675451000CCB5A9 /* User.m */,
				10BCC41E167541CE00CCB5A9 /* UserTableViewController.h */,
				10BCC41F167541CE00CCB5A9 /* UserTableViewController.m */,
			);
			path = HubView;
			sourceTree = "<group>";
		};
		10BCC3FA1675411900CCB5A9 /* Supporting Files */ = {
			isa = PBXGroup;
			children = (
				10BCC3FB1675411900CCB5A9 /* HubView-Info.plist */,
				10BCC3FC1675411900CCB5A9 /* InfoPlist.strings */,
				10BCC3FF1675411900CCB5A9 /* main.m */,
				10BCC4011675411900CCB5A9 /* HubView-Prefix.pch */,
				10BCC4051675411900CCB5A9 /* Default.png */,
				10BCC4071675411900CCB5A9 /* Default@2x.png */,
				10BCC4091675411900CCB5A9 /* Default-568h@2x.png */,
			);
			name = "Supporting Files";
			sourceTree = "<group>";
		};
		10BCC4861675842A00CCB5A9 /* AFNetworking */ = {
			isa = PBXGroup;
			children = (
				10BCC4871675842A00CCB5A9 /* AFHTTPClient.h */,
				10BCC4881675842A00CCB5A9 /* AFHTTPClient.m */,
				10BCC4891675842A00CCB5A9 /* AFHTTPRequestOperation.h */,
				10BCC48A1675842A00CCB5A9 /* AFHTTPRequestOperation.m */,
				10BCC48B1675842A00CCB5A9 /* AFImageRequestOperation.h */,
				10BCC48C1675842A00CCB5A9 /* AFImageRequestOperation.m */,
				10BCC48D1675842A00CCB5A9 /* AFJSONRequestOperation.h */,
				10BCC48E1675842A00CCB5A9 /* AFJSONRequestOperation.m */,
				10BCC48F1675842A00CCB5A9 /* AFNetworkActivityIndicatorManager.h */,
				10BCC4901675842A00CCB5A9 /* AFNetworkActivityIndicatorManager.m */,
				10BCC4911675842A00CCB5A9 /* AFNetworking.h */,
				10BCC4921675842A00CCB5A9 /* AFPropertyListRequestOperation.h */,
				10BCC4931675842A00CCB5A9 /* AFPropertyListRequestOperation.m */,
				10BCC4941675842A00CCB5A9 /* AFURLConnectionOperation.h */,
				10BCC4951675842A00CCB5A9 /* AFURLConnectionOperation.m */,
				10BCC4961675842A00CCB5A9 /* AFXMLRequestOperation.h */,
				10BCC4971675842A00CCB5A9 /* AFXMLRequestOperation.m */,
				10BCC4981675842A00CCB5A9 /* UIImageView+AFNetworking.h */,
				10BCC4991675842A00CCB5A9 /* UIImageView+AFNetworking.m */,
			);
			name = AFNetworking;
			path = AFNetworking/AFNetworking;
			sourceTree = "<group>";
		};
/* End PBXGroup section */

/* Begin PBXNativeTarget section */
		10BCC3EE1675411900CCB5A9 /* HubView */ = {
			isa = PBXNativeTarget;
			buildConfigurationList = 10BCC4161675411900CCB5A9 /* Build configuration list for PBXNativeTarget "HubView" */;
			buildPhases = (
				10BCC3EB1675411900CCB5A9 /* Sources */,
				10BCC3EC1675411900CCB5A9 /* Frameworks */,
				10BCC3ED1675411900CCB5A9 /* Resources */,
			);
			buildRules = (
			);
			dependencies = (
			);
			name = HubView;
			productName = HubView;
			productReference = 10BCC3EF1675411900CCB5A9 /* HubView.app */;
			productType = "com.apple.product-type.application";
		};
/* End PBXNativeTarget section */

/* Begin PBXProject section */
		10BCC3E61675411900CCB5A9 /* Project object */ = {
			isa = PBXProject;
			attributes = {
				LastUpgradeCheck = 0450;
				ORGANIZATIONNAME = "Patrick Van Stee";
			};
			buildConfigurationList = 10BCC3E91675411900CCB5A9 /* Build configuration list for PBXProject "HubView" */;
			compatibilityVersion = "Xcode 3.2";
			developmentRegion = English;
			hasScannedForEncodings = 0;
			knownRegions = (
				en,
			);
			mainGroup = 10BCC3E41675411900CCB5A9;
			productRefGroup = 10BCC3F01675411900CCB5A9 /* Products */;
			projectDirPath = "";
			projectRoot = "";
			targets = (
				10BCC3EE1675411900CCB5A9 /* HubView */,
			);
		};
/* End PBXProject section */

/* Begin PBXResourcesBuildPhase section */
		10BCC3ED1675411900CCB5A9 /* Resources */ = {
			isa = PBXResourcesBuildPhase;
			buildActionMask = 2147483647;
			files = (
				10BCC3FE1675411900CCB5A9 /* InfoPlist.strings in Resources */,
				10BCC4061675411900CCB5A9 /* Default.png in Resources */,
				10BCC4081675411900CCB5A9 /* Default@2x.png in Resources */,
				10BCC40A1675411900CCB5A9 /* Default-568h@2x.png in Resources */,
				10BCC40D1675411900CCB5A9 /* MainStoryboard.storyboard in Resources */,
			);
			runOnlyForDeploymentPostprocessing = 0;
		};
/* End PBXResourcesBuildPhase section */

/* Begin PBXSourcesBuildPhase section */
		10BCC3EB1675411900CCB5A9 /* Sources */ = {
			isa = PBXSourcesBuildPhase;
			buildActionMask = 2147483647;
			files = (
				1063DF451676DEA900FA22EB /* NSDate+Formatting.m in Sources */,
				10BCC4001675411900CCB5A9 /* main.m in Sources */,
				10BCC4041675411900CCB5A9 /* AppDelegate.m in Sources */,
				10BCC420167541CE00CCB5A9 /* UserTableViewController.m in Sources */,
				10BCC4241675451000CCB5A9 /* User.m in Sources */,
				10BCC49A1675842A00CCB5A9 /* AFHTTPClient.m in Sources */,
				10BCC49B1675842A00CCB5A9 /* AFHTTPRequestOperation.m in Sources */,
				10BCC49C1675842A00CCB5A9 /* AFImageRequestOperation.m in Sources */,
				10BCC49D1675842A00CCB5A9 /* AFJSONRequestOperation.m in Sources */,
				10BCC49E1675842A00CCB5A9 /* AFNetworkActivityIndicatorManager.m in Sources */,
				10BCC49F1675842A00CCB5A9 /* AFPropertyListRequestOperation.m in Sources */,
				10BCC4A01675842A00CCB5A9 /* AFURLConnectionOperation.m in Sources */,
				10BCC4A11675842A00CCB5A9 /* AFXMLRequestOperation.m in Sources */,
				10BCC4A21675842A00CCB5A9 /* UIImageView+AFNetworking.m in Sources */,
				10CB25B61675B51D00A33C32 /* RepositoryTableViewController.m in Sources */,
				10CB25B91675B55C00A33C32 /* Repository.m in Sources */,
				10CB25BC16762FF500A33C32 /* BranchTableViewController.m in Sources */,
				10CB25BF1676309400A33C32 /* Branch.m in Sources */,
				10CB25C216763EDA00A33C32 /* CommitTableViewController.m in Sources */,
				1063DF351676994D00FA22EB /* Commit.m in Sources */,
				1063DF481676E23500FA22EB /* CommitViewController.m in Sources */,
				1063DF4B1676EB6400FA22EB /* Search.m in Sources */,
				10ADE25A1678313100B887B5 /* File.m in Sources */,
				10302973167E84CC0056B9AC /* Patch.m in Sources */,
				10390736168003B400F9FE7C /* GitUser.m in Sources */,
				1039073E1680187E00F9FE7C /* GitHubClient.m in Sources */,
				1039074116801C1E00F9FE7C /* Line.m in Sources */,
				1039074416801D8800F9FE7C /* RangeLine.m in Sources */,
				1039074716801D9300F9FE7C /* AdditionLine.m in Sources */,
				1039074A16801D9D00F9FE7C /* DeletionLine.m in Sources */,
				1039074D16801DA700F9FE7C /* ContextLine.m in Sources */,
				1039075016801E2000F9FE7C /* LineFactory.m in Sources */,
				103907531680474A00F9FE7C /* CommentLine.m in Sources */,
			);
			runOnlyForDeploymentPostprocessing = 0;
		};
/* End PBXSourcesBuildPhase section */

/* Begin PBXVariantGroup section */
		10BCC3FC1675411900CCB5A9 /* InfoPlist.strings */ = {
			isa = PBXVariantGroup;
			children = (
				10BCC3FD1675411900CCB5A9 /* en */,
			);
			name = InfoPlist.strings;
			sourceTree = "<group>";
		};
		10BCC40B1675411900CCB5A9 /* MainStoryboard.storyboard */ = {
			isa = PBXVariantGroup;
			children = (
				10BCC40C1675411900CCB5A9 /* en */,
			);
			name = MainStoryboard.storyboard;
			sourceTree = "<group>";
		};
/* End PBXVariantGroup section */

/* Begin XCBuildConfiguration section */
		10BCC4141675411900CCB5A9 /* Debug */ = {
			isa = XCBuildConfiguration;
			buildSettings = {
				ALWAYS_SEARCH_USER_PATHS = NO;
				CLANG_CXX_LANGUAGE_STANDARD = "gnu++0x";
				CLANG_CXX_LIBRARY = "libc++";
				CLANG_ENABLE_OBJC_ARC = YES;
				CLANG_WARN_EMPTY_BODY = YES;
				CLANG_WARN__DUPLICATE_METHOD_MATCH = YES;
				"CODE_SIGN_IDENTITY[sdk=iphoneos*]" = "iPhone Developer";
				COPY_PHASE_STRIP = NO;
				GCC_C_LANGUAGE_STANDARD = gnu99;
				GCC_DYNAMIC_NO_PIC = NO;
				GCC_OPTIMIZATION_LEVEL = 0;
				GCC_PREPROCESSOR_DEFINITIONS = (
					"DEBUG=1",
					"$(inherited)",
				);
				GCC_SYMBOLS_PRIVATE_EXTERN = NO;
				GCC_WARN_ABOUT_RETURN_TYPE = YES;
				GCC_WARN_UNINITIALIZED_AUTOS = YES;
				GCC_WARN_UNUSED_VARIABLE = YES;
				IPHONEOS_DEPLOYMENT_TARGET = 6.0;
				ONLY_ACTIVE_ARCH = YES;
				SDKROOT = iphoneos;
				TARGETED_DEVICE_FAMILY = 2;
			};
			name = Debug;
		};
		10BCC4151675411900CCB5A9 /* Release */ = {
			isa = XCBuildConfiguration;
			buildSettings = {
				ALWAYS_SEARCH_USER_PATHS = NO;
				CLANG_CXX_LANGUAGE_STANDARD = "gnu++0x";
				CLANG_CXX_LIBRARY = "libc++";
				CLANG_ENABLE_OBJC_ARC = YES;
				CLANG_WARN_EMPTY_BODY = YES;
				CLANG_WARN__DUPLICATE_METHOD_MATCH = YES;
				"CODE_SIGN_IDENTITY[sdk=iphoneos*]" = "iPhone Developer";
				COPY_PHASE_STRIP = YES;
				GCC_C_LANGUAGE_STANDARD = gnu99;
				GCC_WARN_ABOUT_RETURN_TYPE = YES;
				GCC_WARN_UNINITIALIZED_AUTOS = YES;
				GCC_WARN_UNUSED_VARIABLE = YES;
				IPHONEOS_DEPLOYMENT_TARGET = 6.0;
				OTHER_CFLAGS = "-DNS_BLOCK_ASSERTIONS=1";
				SDKROOT = iphoneos;
				TARGETED_DEVICE_FAMILY = 2;
				VALIDATE_PRODUCT = YES;
			};
			name = Release;
		};
		10BCC4171675411900CCB5A9 /* Debug */ = {
			isa = XCBuildConfiguration;
			buildSettings = {
				GCC_PRECOMPILE_PREFIX_HEADER = YES;
				GCC_PREFIX_HEADER = "HubView/HubView-Prefix.pch";
				INFOPLIST_FILE = "HubView/HubView-Info.plist";
				PRODUCT_NAME = "$(TARGET_NAME)";
				WRAPPER_EXTENSION = app;
			};
			name = Debug;
		};
		10BCC4181675411900CCB5A9 /* Release */ = {
			isa = XCBuildConfiguration;
			buildSettings = {
				GCC_PRECOMPILE_PREFIX_HEADER = YES;
				GCC_PREFIX_HEADER = "HubView/HubView-Prefix.pch";
				INFOPLIST_FILE = "HubView/HubView-Info.plist";
				PRODUCT_NAME = "$(TARGET_NAME)";
				WRAPPER_EXTENSION = app;
			};
			name = Release;
		};
/* End XCBuildConfiguration section */

/* Begin XCConfigurationList section */
		10BCC3E91675411900CCB5A9 /* Build configuration list for PBXProject "HubView" */ = {
			isa = XCConfigurationList;
			buildConfigurations = (
				10BCC4141675411900CCB5A9 /* Debug */,
				10BCC4151675411900CCB5A9 /* Release */,
			);
			defaultConfigurationIsVisible = 0;
			defaultConfigurationName = Release;
		};
		10BCC4161675411900CCB5A9 /* Build configuration list for PBXNativeTarget "HubView" */ = {
			isa = XCConfigurationList;
			buildConfigurations = (
				10BCC4171675411900CCB5A9 /* Debug */,
				10BCC4181675411900CCB5A9 /* Release */,
			);
			defaultConfigurationIsVisible = 0;
			defaultConfigurationName = Release;
		};
/* End XCConfigurationList section */
	};
	rootObject = 10BCC3E61675411900CCB5A9 /* Project object */;
}
